
Microsoft Visual Studio Solution File, Format Version 12.00
# Visual Studio Version 17
VisualStudioVersion = 17.6.33829.357
MinimumVisualStudioVersion = 10.0.40219.1
Project("{9A19103F-16F7-4668-BE54-9A1E7A4F7556}") = "TodoListWeb", "TodoListWeb\TodoListWeb.csproj", "{F6E14E6E-D5D7-47DA-9858-EDECCEEE100F}"
EndProject
Project("{FAE04EC0-301F-11D3-BF4B-00C04F79EFBC}") = "DataAccess", "DataAccess\DataAccess.csproj", "{873C5828-EC26-466B-8F19-F375008F5055}"
EndProject
Global
	GlobalSection(SolutionConfigurationPlatforms) = preSolution
		Debug|Any CPU = Debug|Any CPU
		Release|Any CPU = Release|Any CPU
	EndGlobalSection
	GlobalSection(ProjectConfigurationPlatforms) = postSolution
		{F6E14E6E-D5D7-47DA-9858-EDECCEEE100F}.Debug|Any CPU.ActiveCfg = Debug|Any CPU
		{F6E14E6E-D5D7-47DA-9858-EDECCEEE100F}.Debug|Any CPU.Build.0 = Debug|Any CPU
		{F6E14E6E-D5D7-47DA-9858-EDECCEEE100F}.Release|Any CPU.ActiveCfg = Release|Any CPU
		{F6E14E6E-D5D7-47DA-9858-EDECCEEE100F}.Release|Any CPU.Build.0 = Release|Any CPU
		{873C5828-EC26-466B-8F19-F375008F5055}.Debug|Any CPU.ActiveCfg = Debug|Any CPU
		{873C5828-EC26-466B-8F19-F375008F5055}.Debug|Any CPU.Build.0 = Debug|Any CPU
		{873C5828-EC26-466B-8F19-F375008F5055}.Release|Any CPU.ActiveCfg = Release|Any CPU
		{873C5828-EC26-466B-8F19-F375008F5055}.Release|Any CPU.Build.0 = Release|Any CPU
	EndGlobalSection
	GlobalSection(SolutionProperties) = preSolution
		HideSolutionNode = FALSE
	EndGlobalSection
	GlobalSection(ExtensibilityGlobals) = postSolution
		SolutionGuid = {FA5ADF84-B3F6-4B72-A0E5-CFCECCCC3F64}
	EndGlobalSection
EndGlobal
